
Microsoft Visual Studio Solution File, Format Version 12.00
# Visual Studio Version 16
VisualStudioVersion = 16.0.29324.140
MinimumVisualStudioVersion = 10.0.40219.1
Project("{8BC9CEB8-8B4A-11D0-8D11-00A0C91BC942}") = "10강 1번", "10강 1번\10강 1번.vcxproj", "{E85D21FF-91A1-4AB0-A658-FC5D01D41F21}"
EndProject
Global
	GlobalSection(SolutionConfigurationPlatforms) = preSolution
		Debug|x64 = Debug|x64
		Debug|x86 = Debug|x86
		Release|x64 = Release|x64
		Release|x86 = Release|x86
	EndGlobalSection
	GlobalSection(ProjectConfigurationPlatforms) = postSolution
		{E85D21FF-91A1-4AB0-A658-FC5D01D41F21}.Debug|x64.ActiveCfg = Debug|x64
		{E85D21FF-91A1-4AB0-A658-FC5D01D41F21}.Debug|x64.Build.0 = Debug|x64
		{E85D21FF-91A1-4AB0-A658-FC5D01D41F21}.Debug|x86.ActiveCfg = Debug|Win32
		{E85D21FF-91A1-4AB0-A658-FC5D01D41F21}.Debug|x86.Build.0 = Debug|Win32
		{E85D21FF-91A1-4AB0-A658-FC5D01D41F21}.Release|x64.ActiveCfg = Release|x64
		{E85D21FF-91A1-4AB0-A658-FC5D01D41F21}.Release|x64.Build.0 = Release|x64
		{E85D21FF-91A1-4AB0-A658-FC5D01D41F21}.Release|x86.ActiveCfg = Release|Win32
		{E85D21FF-91A1-4AB0-A658-FC5D01D41F21}.Release|x86.Build.0 = Release|Win32
	EndGlobalSection
	GlobalSection(SolutionProperties) = preSolution
		HideSolutionNode = FALSE
	EndGlobalSection
	GlobalSection(ExtensibilityGlobals) = postSolution
		SolutionGuid = {B7DC274D-6D90-4EA2-A18E-28C3F11B4F2D}
	EndGlobalSection
EndGlobal
